
Microsoft Visual Studio Solution File, Format Version 12.00
# Visual Studio Version 17
VisualStudioVersion = 17.10.35027.167
MinimumVisualStudioVersion = 10.0.40219.1
Project("{FAE04EC0-301F-11D3-BF4B-00C04F79EFBC}") = "MiniAccountMS", "MiniAccountMS\MiniAccountMS.csproj", "{E0426410-DFE2-4252-A730-1822754BD6CA}"
EndProject
Global
	GlobalSection(SolutionConfigurationPlatforms) = preSolution
		Debug|Any CPU = Debug|Any CPU
		Release|Any CPU = Release|Any CPU
	EndGlobalSection
	GlobalSection(ProjectConfigurationPlatforms) = postSolution
		{E0426410-DFE2-4252-A730-1822754BD6CA}.Debug|Any CPU.ActiveCfg = Debug|Any CPU
		{E0426410-DFE2-4252-A730-1822754BD6CA}.Debug|Any CPU.Build.0 = Debug|Any CPU
		{E0426410-DFE2-4252-A730-1822754BD6CA}.Release|Any CPU.ActiveCfg = Release|Any CPU
		{E0426410-DFE2-4252-A730-1822754BD6CA}.Release|Any CPU.Build.0 = Release|Any CPU
	EndGlobalSection
	GlobalSection(SolutionProperties) = preSolution
		HideSolutionNode = FALSE
	EndGlobalSection
	GlobalSection(ExtensibilityGlobals) = postSolution
		SolutionGuid = {A105097F-DBF8-473A-9C55-D6A39B17914D}
	EndGlobalSection
EndGlobal
